[[package]]
id = 1
name = "networkx"
version = "2.6.3"
source = "pypi+https://pypi.org/pypi/networkx/2.6.3/json"
dependencies = []

[[package]]
id = 2
name = "matplotlib"
version = "3.5.1"
source = "pypi+https://pypi.org/pypi/matplotlib/3.5.1/json"
dependencies = ["python-dateutil 2.8.2 pypi+https://pypi.org/pypi/python-dateutil/2.8.2/json", "kiwisolver 1.3.2 pypi+https://pypi.org/pypi/kiwisolver/1.3.2/json", "cycler 0.11.0 pypi+https://pypi.org/pypi/cycler/0.11.0/json", "Pillow 8.4.0 pypi+https://pypi.org/pypi/Pillow/8.4.0/json", "numpy 1.22.0rc3 pypi+https://pypi.org/pypi/numpy/1.22.0rc3/json", "fonttools 4.28.5 pypi+https://pypi.org/pypi/fonttools/4.28.5/json", "packaging 21.3 pypi+https://pypi.org/pypi/packaging/21.3/json"]

[[package]]
id = 10
name = "kiwisolver"
version = "1.3.2"
source = "pypi+https://pypi.org/pypi/kiwisolver/1.3.2/json"
dependencies = []

[[package]]
id = 2
name = "pytz"
version = "2020.4"
source = "pypi+https://pypi.org/pypi/pytz/2020.4/json"
dependencies = []

[[package]]
id = 1
name = "pandas"
version = "1.3.5"
source = "pypi+https://pypi.org/pypi/pandas/1.3.5/json"
dependencies = ["pytz 2020.4 pypi+https://pypi.org/pypi/pytz/2020.4/json"]

[[package]]
id = 7
name = "packaging"
version = "21.3"
source = "pypi+https://pypi.org/pypi/packaging/21.3/json"
dependencies = ["pyparsing 3.0.6 pypi+https://pypi.org/pypi/pyparsing/3.0.6/json"]

[[package]]
id = 11
name = "fonttools"
version = "4.28.5"
source = "pypi+https://pypi.org/pypi/fonttools/4.28.5/json"
dependencies = []

[[package]]
id = 6
name = "Pillow"
version = "8.4.0"
source = "pypi+https://pypi.org/pypi/Pillow/8.4.0/json"
dependencies = []

[[package]]
id = 12
name = "cycler"
version = "0.11.0"
source = "pypi+https://pypi.org/pypi/cycler/0.11.0/json"
dependencies = []

[[package]]
id = 8
name = "pyparsing"
version = "3.0.6"
source = "pypi+https://pypi.org/pypi/pyparsing/3.0.6/json"
dependencies = []

[[package]]
id = 3
name = "python-dateutil"
version = "2.8.2"
source = "pypi+https://pypi.org/pypi/python-dateutil/2.8.2/json"
dependencies = ["six 1.16.0 pypi+https://pypi.org/pypi/six/1.16.0/json"]

[[package]]
id = 9
name = "numpy"
version = "1.22.0rc3"
source = "pypi+https://pypi.org/pypi/numpy/1.22.0rc3/json"
dependencies = []

[[package]]
id = 4
name = "six"
version = "1.16.0"
source = "pypi+https://pypi.org/pypi/six/1.16.0/json"
dependencies = []

[metadata]
